// !$*UTF8*$!
{
	archiveVersion = 1;
	classes = {
	};
	objectVersion = 46;
	objects = {

/* Begin PBXBuildFile section */
		8F22CC4527F7C1335E0FABDB /* Pods_PocketTicket.framework in Frameworks */ = {isa = PBXBuildFile; fileRef = 9F42EA88389AF05663D0D155 /* Pods_PocketTicket.framework */; };
		9F0291521E4D9AEE00B9F7C8 /* PhotosCollectionViewController.swift in Sources */ = {isa = PBXBuildFile; fileRef = 9F0291511E4D9AEE00B9F7C8 /* PhotosCollectionViewController.swift */; };
		9F0291541E4D9AFE00B9F7C8 /* PhotosCollectionViewCell.swift in Sources */ = {isa = PBXBuildFile; fileRef = 9F0291531E4D9AFE00B9F7C8 /* PhotosCollectionViewCell.swift */; };
		9F055F5F1E4AE5E7008E390A /* Realm.framework in Frameworks */ = {isa = PBXBuildFile; fileRef = 9F055F5E1E4AE5E7008E390A /* Realm.framework */; };
		9F055F611E4AE5EC008E390A /* RealmSwift.framework in Frameworks */ = {isa = PBXBuildFile; fileRef = 9F055F601E4AE5EC008E390A /* RealmSwift.framework */; };
		9F055F671E4AE98A008E390A /* FSCalendar.framework in Frameworks */ = {isa = PBXBuildFile; fileRef = 9F055F661E4AE98A008E390A /* FSCalendar.framework */; };
		9F0D7AA51E50B36100FB2FCB /* WriteReviewViewController.swift in Sources */ = {isa = PBXBuildFile; fileRef = 9F0D7AA41E50B36100FB2FCB /* WriteReviewViewController.swift */; };
		9F0D7AB71E5211AC00FB2FCB /* NMapViewerSDK.framework in Frameworks */ = {isa = PBXBuildFile; fileRef = 9F0D7AB61E5211AC00FB2FCB /* NMapViewerSDK.framework */; };
		9F0D7AB91E52162700FB2FCB /* SearchMapViewController.swift in Sources */ = {isa = PBXBuildFile; fileRef = 9F0D7AB81E52162700FB2FCB /* SearchMapViewController.swift */; };
		9F0D7ABB1E52214000FB2FCB /* NMapViewResources.swift in Sources */ = {isa = PBXBuildFile; fileRef = 9F0D7ABA1E52214000FB2FCB /* NMapViewResources.swift */; };
		9F28EF631E4C3B4D00DD1333 /* RealmController.swift in Sources */ = {isa = PBXBuildFile; fileRef = 9F28EF621E4C3B4D00DD1333 /* RealmController.swift */; };
		9F28EF6E1E4C4B8200DD1333 /* Theater.swift in Sources */ = {isa = PBXBuildFile; fileRef = 9F28EF6D1E4C4B8200DD1333 /* Theater.swift */; };
		9F28EF701E4C4B8D00DD1333 /* Genre.swift in Sources */ = {isa = PBXBuildFile; fileRef = 9F28EF6F1E4C4B8D00DD1333 /* Genre.swift */; };
		9F28EF721E4C4B9500DD1333 /* Ticket.swift in Sources */ = {isa = PBXBuildFile; fileRef = 9F28EF711E4C4B9500DD1333 /* Ticket.swift */; };
		9F4F07651E541863009ED7E6 /* CalMainTableViewCell.swift in Sources */ = {isa = PBXBuildFile; fileRef = 9F4F07641E541863009ED7E6 /* CalMainTableViewCell.swift */; };
		9F5337451E530846007C1C97 /* TestViewController.swift in Sources */ = {isa = PBXBuildFile; fileRef = 9F5337441E530846007C1C97 /* TestViewController.swift */; };
		9F5337471E53E6D4007C1C97 /* DidMainTableViewController.swift in Sources */ = {isa = PBXBuildFile; fileRef = 9F5337461E53E6D4007C1C97 /* DidMainTableViewController.swift */; };
		9F5337491E53E71C007C1C97 /* DidMainTableViewCell.swift in Sources */ = {isa = PBXBuildFile; fileRef = 9F5337481E53E71C007C1C97 /* DidMainTableViewCell.swift */; };
		9F53374B1E53F04B007C1C97 /* EachTicketsCollectionViewController.swift in Sources */ = {isa = PBXBuildFile; fileRef = 9F53374A1E53F04B007C1C97 /* EachTicketsCollectionViewController.swift */; };
		9F53374D1E53F39C007C1C97 /* EachTicketsCollectionViewCell.swift in Sources */ = {isa = PBXBuildFile; fileRef = 9F53374C1E53F39C007C1C97 /* EachTicketsCollectionViewCell.swift */; };
		9F579C501E4D79BE00086FC6 /* TicketCollectionViewCell.swift in Sources */ = {isa = PBXBuildFile; fileRef = 9F579C4F1E4D79BE00086FC6 /* TicketCollectionViewCell.swift */; };
		9F6C65681E49A9A5009074F0 /* AppDelegate.swift in Sources */ = {isa = PBXBuildFile; fileRef = 9F6C65671E49A9A5009074F0 /* AppDelegate.swift */; };
		9F6C656D1E49A9A5009074F0 /* Main.storyboard in Resources */ = {isa = PBXBuildFile; fileRef = 9F6C656B1E49A9A5009074F0 /* Main.storyboard */; };
		9F6C656F1E49A9A5009074F0 /* Assets.xcassets in Resources */ = {isa = PBXBuildFile; fileRef = 9F6C656E1E49A9A5009074F0 /* Assets.xcassets */; };
		9F6C65721E49A9A5009074F0 /* LaunchScreen.storyboard in Resources */ = {isa = PBXBuildFile; fileRef = 9F6C65701E49A9A5009074F0 /* LaunchScreen.storyboard */; };
		9FB235ED1E4DF4E300796196 /* TicketFilterTableViewController.swift in Sources */ = {isa = PBXBuildFile; fileRef = 9FB235EC1E4DF4E300796196 /* TicketFilterTableViewController.swift */; };
		9FB996821E4C028E00960561 /* CalMainViewController.swift in Sources */ = {isa = PBXBuildFile; fileRef = 9FB996811E4C028E00960561 /* CalMainViewController.swift */; };
		9FB996841E4C02E900960561 /* CalAddViewController.swift in Sources */ = {isa = PBXBuildFile; fileRef = 9FB996831E4C02E900960561 /* CalAddViewController.swift */; };
		9FBBE2621E5810F80085245D /* TicketDetailViewController.swift in Sources */ = {isa = PBXBuildFile; fileRef = 9FBBE2611E5810F80085245D /* TicketDetailViewController.swift */; };
		9FD5B6101E56A853000DA94E /* DKImagePickerController.framework in Frameworks */ = {isa = PBXBuildFile; fileRef = 9FD5B60F1E56A852000DA94E /* DKImagePickerController.framework */; };
		9FD86CFC1E5E84CA00B50F80 /* Alarm.swift in Sources */ = {isa = PBXBuildFile; fileRef = 9FD86CFB1E5E84CA00B50F80 /* Alarm.swift */; };
		9FEC69001E5B354F009BE798 /* ReviewViewController.swift in Sources */ = {isa = PBXBuildFile; fileRef = 9FEC68FF1E5B354F009BE798 /* ReviewViewController.swift */; };
		9FEC69021E5B355D009BE798 /* ContentsViewController.swift in Sources */ = {isa = PBXBuildFile; fileRef = 9FEC69011E5B355D009BE798 /* ContentsViewController.swift */; };
		9FEC69041E5C31CD009BE798 /* NotificationManager.swift in Sources */ = {isa = PBXBuildFile; fileRef = 9FEC69031E5C31CD009BE798 /* NotificationManager.swift */; };
		9FFD5B651E553D66006BCA1D /* DataController.swift in Sources */ = {isa = PBXBuildFile; fileRef = 9FFD5B641E553D66006BCA1D /* DataController.swift */; };
		9FFDBA2F1E49C1F100524FBA /* CalDailyViewController.swift in Sources */ = {isa = PBXBuildFile; fileRef = 9FFDBA2E1E49C1F100524FBA /* CalDailyViewController.swift */; };
		9FFDBA3B1E49C27600524FBA /* TicketMainViewController.swift in Sources */ = {isa = PBXBuildFile; fileRef = 9FFDBA3A1E49C27600524FBA /* TicketMainViewController.swift */; };
/* End PBXBuildFile section */

/* Begin PBXFileReference section */
		6182BFA12A8413657F62ACB2 /* Pods-PocketTicket.debug.xcconfig */ = {isa = PBXFileReference; includeInIndex = 1; lastKnownFileType = text.xcconfig; name = "Pods-PocketTicket.debug.xcconfig"; path = "Pods/Target Support Files/Pods-PocketTicket/Pods-PocketTicket.debug.xcconfig"; sourceTree = "<group>"; };
		9F0291511E4D9AEE00B9F7C8 /* PhotosCollectionViewController.swift */ = {isa = PBXFileReference; fileEncoding = 4; lastKnownFileType = sourcecode.swift; path = PhotosCollectionViewController.swift; sourceTree = "<group>"; };
		9F0291531E4D9AFE00B9F7C8 /* PhotosCollectionViewCell.swift */ = {isa = PBXFileReference; fileEncoding = 4; lastKnownFileType = sourcecode.swift; path = PhotosCollectionViewCell.swift; sourceTree = "<group>"; };
		9F055F5E1E4AE5E7008E390A /* Realm.framework */ = {isa = PBXFileReference; lastKnownFileType = wrapper.framework; name = Realm.framework; path = "../../../../Library/Developer/Xcode/DerivedData/PocketTicket-grjlodpwzvazuaceoxfpjqueeeto/Build/Products/Debug-iphonesimulator/Realm/Realm.framework"; sourceTree = "<group>"; };
		9F055F601E4AE5EC008E390A /* RealmSwift.framework */ = {isa = PBXFileReference; lastKnownFileType = wrapper.framework; name = RealmSwift.framework; path = "../../../../Library/Developer/Xcode/DerivedData/PocketTicket-grjlodpwzvazuaceoxfpjqueeeto/Build/Products/Debug-iphonesimulator/RealmSwift/RealmSwift.framework"; sourceTree = "<group>"; };
		9F055F661E4AE98A008E390A /* FSCalendar.framework */ = {isa = PBXFileReference; lastKnownFileType = wrapper.framework; name = FSCalendar.framework; path = "../../../../Library/Developer/Xcode/DerivedData/PocketTicket-grjlodpwzvazuaceoxfpjqueeeto/Build/Products/Debug-iphonesimulator/FSCalendar/FSCalendar.framework"; sourceTree = "<group>"; };
		9F0D7AA41E50B36100FB2FCB /* WriteReviewViewController.swift */ = {isa = PBXFileReference; fileEncoding = 4; lastKnownFileType = sourcecode.swift; path = WriteReviewViewController.swift; sourceTree = "<group>"; };
		9F0D7AB31E520E1C00FB2FCB /* Objective-C Bridging Header.h */ = {isa = PBXFileReference; lastKnownFileType = sourcecode.c.h; path = "Objective-C Bridging Header.h"; sourceTree = "<group>"; };
		9F0D7AB61E5211AC00FB2FCB /* NMapViewerSDK.framework */ = {isa = PBXFileReference; lastKnownFileType = wrapper.framework; name = NMapViewerSDK.framework; path = Pods/NMapViewer/NMapViewerSDK.framework; sourceTree = "<group>"; };
		9F0D7AB81E52162700FB2FCB /* SearchMapViewController.swift */ = {isa = PBXFileReference; fileEncoding = 4; lastKnownFileType = sourcecode.swift; path = SearchMapViewController.swift; sourceTree = "<group>"; };
		9F0D7ABA1E52214000FB2FCB /* NMapViewResources.swift */ = {isa = PBXFileReference; fileEncoding = 4; lastKnownFileType = sourcecode.swift; path = NMapViewResources.swift; sourceTree = "<group>"; };
		9F28EF621E4C3B4D00DD1333 /* RealmController.swift */ = {isa = PBXFileReference; fileEncoding = 4; lastKnownFileType = sourcecode.swift; path = RealmController.swift; sourceTree = "<group>"; };
		9F28EF6D1E4C4B8200DD1333 /* Theater.swift */ = {isa = PBXFileReference; fileEncoding = 4; lastKnownFileType = sourcecode.swift; path = Theater.swift; sourceTree = "<group>"; };
		9F28EF6F1E4C4B8D00DD1333 /* Genre.swift */ = {isa = PBXFileReference; fileEncoding = 4; lastKnownFileType = sourcecode.swift; path = Genre.swift; sourceTree = "<group>"; };
		9F28EF711E4C4B9500DD1333 /* Ticket.swift */ = {isa = PBXFileReference; fileEncoding = 4; lastKnownFileType = sourcecode.swift; path = Ticket.swift; sourceTree = "<group>"; };
		9F42EA88389AF05663D0D155 /* Pods_PocketTicket.framework */ = {isa = PBXFileReference; explicitFileType = wrapper.framework; includeInIndex = 0; path = Pods_PocketTicket.framework; sourceTree = BUILT_PRODUCTS_DIR; };
		9F4F07641E541863009ED7E6 /* CalMainTableViewCell.swift */ = {isa = PBXFileReference; fileEncoding = 4; lastKnownFileType = sourcecode.swift; path = CalMainTableViewCell.swift; sourceTree = "<group>"; };
		9F5337441E530846007C1C97 /* TestViewController.swift */ = {isa = PBXFileReference; fileEncoding = 4; lastKnownFileType = sourcecode.swift; path = TestViewController.swift; sourceTree = "<group>"; };
		9F5337461E53E6D4007C1C97 /* DidMainTableViewController.swift */ = {isa = PBXFileReference; fileEncoding = 4; lastKnownFileType = sourcecode.swift; path = DidMainTableViewController.swift; sourceTree = "<group>"; };
		9F5337481E53E71C007C1C97 /* DidMainTableViewCell.swift */ = {isa = PBXFileReference; fileEncoding = 4; lastKnownFileType = sourcecode.swift; path = DidMainTableViewCell.swift; sourceTree = "<group>"; };
		9F53374A1E53F04B007C1C97 /* EachTicketsCollectionViewController.swift */ = {isa = PBXFileReference; fileEncoding = 4; lastKnownFileType = sourcecode.swift; path = EachTicketsCollectionViewController.swift; sourceTree = "<group>"; };
		9F53374C1E53F39C007C1C97 /* EachTicketsCollectionViewCell.swift */ = {isa = PBXFileReference; fileEncoding = 4; lastKnownFileType = sourcecode.swift; path = EachTicketsCollectionViewCell.swift; sourceTree = "<group>"; };
		9F579C4F1E4D79BE00086FC6 /* TicketCollectionViewCell.swift */ = {isa = PBXFileReference; fileEncoding = 4; lastKnownFileType = sourcecode.swift; path = TicketCollectionViewCell.swift; sourceTree = "<group>"; };
		9F6C65641E49A9A5009074F0 /* PocketTicket.app */ = {isa = PBXFileReference; explicitFileType = wrapper.application; includeInIndex = 0; path = PocketTicket.app; sourceTree = BUILT_PRODUCTS_DIR; };
		9F6C65671E49A9A5009074F0 /* AppDelegate.swift */ = {isa = PBXFileReference; lastKnownFileType = sourcecode.swift; path = AppDelegate.swift; sourceTree = "<group>"; };
		9F6C656C1E49A9A5009074F0 /* Base */ = {isa = PBXFileReference; lastKnownFileType = file.storyboard; name = Base; path = Base.lproj/Main.storyboard; sourceTree = "<group>"; };
		9F6C656E1E49A9A5009074F0 /* Assets.xcassets */ = {isa = PBXFileReference; lastKnownFileType = folder.assetcatalog; path = Assets.xcassets; sourceTree = "<group>"; };
		9F6C65711E49A9A5009074F0 /* Base */ = {isa = PBXFileReference; lastKnownFileType = file.storyboard; name = Base; path = Base.lproj/LaunchScreen.storyboard; sourceTree = "<group>"; };
		9F6C65731E49A9A5009074F0 /* Info.plist */ = {isa = PBXFileReference; lastKnownFileType = text.plist.xml; path = Info.plist; sourceTree = "<group>"; };
		9FB235EC1E4DF4E300796196 /* TicketFilterTableViewController.swift */ = {isa = PBXFileReference; fileEncoding = 4; lastKnownFileType = sourcecode.swift; path = TicketFilterTableViewController.swift; sourceTree = "<group>"; };
		9FB996811E4C028E00960561 /* CalMainViewController.swift */ = {isa = PBXFileReference; fileEncoding = 4; lastKnownFileType = sourcecode.swift; path = CalMainViewController.swift; sourceTree = "<group>"; };
		9FB996831E4C02E900960561 /* CalAddViewController.swift */ = {isa = PBXFileReference; fileEncoding = 4; lastKnownFileType = sourcecode.swift; path = CalAddViewController.swift; sourceTree = "<group>"; };
		9FBBE2611E5810F80085245D /* TicketDetailViewController.swift */ = {isa = PBXFileReference; fileEncoding = 4; lastKnownFileType = sourcecode.swift; path = TicketDetailViewController.swift; sourceTree = "<group>"; };
		9FD5B60F1E56A852000DA94E /* DKImagePickerController.framework */ = {isa = PBXFileReference; lastKnownFileType = wrapper.framework; name = DKImagePickerController.framework; path = "../../../../Library/Developer/Xcode/DerivedData/PocketTicket-grjlodpwzvazuaceoxfpjqueeeto/Build/Products/Debug-iphonesimulator/DKImagePickerController/DKImagePickerController.framework"; sourceTree = "<group>"; };
		9FD86CFB1E5E84CA00B50F80 /* Alarm.swift */ = {isa = PBXFileReference; fileEncoding = 4; lastKnownFileType = sourcecode.swift; path = Alarm.swift; sourceTree = "<group>"; };
		9FEC68FF1E5B354F009BE798 /* ReviewViewController.swift */ = {isa = PBXFileReference; fileEncoding = 4; lastKnownFileType = sourcecode.swift; path = ReviewViewController.swift; sourceTree = "<group>"; };
		9FEC69011E5B355D009BE798 /* ContentsViewController.swift */ = {isa = PBXFileReference; fileEncoding = 4; lastKnownFileType = sourcecode.swift; path = ContentsViewController.swift; sourceTree = "<group>"; };
		9FEC69031E5C31CD009BE798 /* NotificationManager.swift */ = {isa = PBXFileReference; fileEncoding = 4; lastKnownFileType = sourcecode.swift; path = NotificationManager.swift; sourceTree = "<group>"; };
		9FFD5B641E553D66006BCA1D /* DataController.swift */ = {isa = PBXFileReference; fileEncoding = 4; lastKnownFileType = sourcecode.swift; path = DataController.swift; sourceTree = "<group>"; };
		9FFDBA2E1E49C1F100524FBA /* CalDailyViewController.swift */ = {isa = PBXFileReference; fileEncoding = 4; lastKnownFileType = sourcecode.swift; path = CalDailyViewController.swift; sourceTree = "<group>"; };
		9FFDBA3A1E49C27600524FBA /* TicketMainViewController.swift */ = {isa = PBXFileReference; fileEncoding = 4; lastKnownFileType = sourcecode.swift; path = TicketMainViewController.swift; sourceTree = "<group>"; };
		A2F43CEF461E389B49B20210 /* Pods-PocketTicket.release.xcconfig */ = {isa = PBXFileReference; includeInIndex = 1; lastKnownFileType = text.xcconfig; name = "Pods-PocketTicket.release.xcconfig"; path = "Pods/Target Support Files/Pods-PocketTicket/Pods-PocketTicket.release.xcconfig"; sourceTree = "<group>"; };
/* End PBXFileReference section */

/* Begin PBXFrameworksBuildPhase section */
		9F6C65611E49A9A5009074F0 /* Frameworks */ = {
			isa = PBXFrameworksBuildPhase;
			buildActionMask = 2147483647;
			files = (
				9FD5B6101E56A853000DA94E /* DKImagePickerController.framework in Frameworks */,
				9F055F671E4AE98A008E390A /* FSCalendar.framework in Frameworks */,
				9F055F611E4AE5EC008E390A /* RealmSwift.framework in Frameworks */,
				9F055F5F1E4AE5E7008E390A /* Realm.framework in Frameworks */,
				8F22CC4527F7C1335E0FABDB /* Pods_PocketTicket.framework in Frameworks */,
				9F0D7AB71E5211AC00FB2FCB /* NMapViewerSDK.framework in Frameworks */,
			);
			runOnlyForDeploymentPostprocessing = 0;
		};
/* End PBXFrameworksBuildPhase section */

/* Begin PBXGroup section */
		4FD7021C34B574FB1962C18F /* Pods */ = {
			isa = PBXGroup;
			children = (
				6182BFA12A8413657F62ACB2 /* Pods-PocketTicket.debug.xcconfig */,
				A2F43CEF461E389B49B20210 /* Pods-PocketTicket.release.xcconfig */,
			);
			name = Pods;
			sourceTree = "<group>";
		};
		9F28EF661E4C4AF700DD1333 /* Models */ = {
			isa = PBXGroup;
			children = (
				9F28EF6D1E4C4B8200DD1333 /* Theater.swift */,
				9F28EF6F1E4C4B8D00DD1333 /* Genre.swift */,
				9F28EF711E4C4B9500DD1333 /* Ticket.swift */,
				9FD86CFB1E5E84CA00B50F80 /* Alarm.swift */,
			);
			path = Models;
			sourceTree = "<group>";
		};
		9F6C655B1E49A9A5009074F0 = {
			isa = PBXGroup;
			children = (
				9F6C65661E49A9A5009074F0 /* PocketTicket */,
				9F6C65651E49A9A5009074F0 /* Products */,
				4FD7021C34B574FB1962C18F /* Pods */,
				A3112808BBAE3D311136BE47 /* Frameworks */,
			);
			sourceTree = "<group>";
		};
		9F6C65651E49A9A5009074F0 /* Products */ = {
			isa = PBXGroup;
			children = (
				9F6C65641E49A9A5009074F0 /* PocketTicket.app */,
			);
			name = Products;
			sourceTree = "<group>";
		};
		9F6C65661E49A9A5009074F0 /* PocketTicket */ = {
			isa = PBXGroup;
			children = (
				9FFD5B631E553CDE006BCA1D /* DataController */,
				9F28EF661E4C4AF700DD1333 /* Models */,
				9FFDBA2D1E49C0F900524FBA /* ViewControllers */,
				9F6C65671E49A9A5009074F0 /* AppDelegate.swift */,
				9F6C656B1E49A9A5009074F0 /* Main.storyboard */,
				9F6C656E1E49A9A5009074F0 /* Assets.xcassets */,
				9F6C65701E49A9A5009074F0 /* LaunchScreen.storyboard */,
				9F6C65731E49A9A5009074F0 /* Info.plist */,
				9F0D7AB31E520E1C00FB2FCB /* Objective-C Bridging Header.h */,
				9F0D7ABA1E52214000FB2FCB /* NMapViewResources.swift */,
				9FEC69031E5C31CD009BE798 /* NotificationManager.swift */,
			);
			path = PocketTicket;
			sourceTree = "<group>";
		};
		9FFD5B601E553C7A006BCA1D /* Calendar */ = {
			isa = PBXGroup;
			children = (
				9FB996811E4C028E00960561 /* CalMainViewController.swift */,
				9F4F07641E541863009ED7E6 /* CalMainTableViewCell.swift */,
				9FB996831E4C02E900960561 /* CalAddViewController.swift */,
				9F0D7AB81E52162700FB2FCB /* SearchMapViewController.swift */,
			);
			name = Calendar;
			sourceTree = "<group>";
		};
		9FFD5B611E553C98006BCA1D /* Tickets */ = {
			isa = PBXGroup;
			children = (
				9F5337461E53E6D4007C1C97 /* DidMainTableViewController.swift */,
				9F5337481E53E71C007C1C97 /* DidMainTableViewCell.swift */,
				9FBBE2611E5810F80085245D /* TicketDetailViewController.swift */,
				9F0D7AA41E50B36100FB2FCB /* WriteReviewViewController.swift */,
				9F0291511E4D9AEE00B9F7C8 /* PhotosCollectionViewController.swift */,
				9F0291531E4D9AFE00B9F7C8 /* PhotosCollectionViewCell.swift */,
				9FEC68FF1E5B354F009BE798 /* ReviewViewController.swift */,
				9FEC69011E5B355D009BE798 /* ContentsViewController.swift */,
			);
			name = Tickets;
			sourceTree = "<group>";
		};
		9FFD5B621E553CC8006BCA1D /* ETC */ = {
			isa = PBXGroup;
			children = (
				9F53374C1E53F39C007C1C97 /* EachTicketsCollectionViewCell.swift */,
				9F53374A1E53F04B007C1C97 /* EachTicketsCollectionViewController.swift */,
				9FFDBA2E1E49C1F100524FBA /* CalDailyViewController.swift */,
				9FFDBA3A1E49C27600524FBA /* TicketMainViewController.swift */,
				9F579C4F1E4D79BE00086FC6 /* TicketCollectionViewCell.swift */,
				9FB235EC1E4DF4E300796196 /* TicketFilterTableViewController.swift */,
				9F5337441E530846007C1C97 /* TestViewController.swift */,
			);
			name = ETC;
			sourceTree = "<group>";
		};
		9FFD5B631E553CDE006BCA1D /* DataController */ = {
			isa = PBXGroup;
			children = (
				9F28EF621E4C3B4D00DD1333 /* RealmController.swift */,
				9FFD5B641E553D66006BCA1D /* DataController.swift */,
			);
			name = DataController;
			sourceTree = "<group>";
		};
		9FFDBA2D1E49C0F900524FBA /* ViewControllers */ = {
			isa = PBXGroup;
			children = (
				9FFD5B601E553C7A006BCA1D /* Calendar */,
				9FFD5B611E553C98006BCA1D /* Tickets */,
				9FFD5B621E553CC8006BCA1D /* ETC */,
			);
			path = ViewControllers;
			sourceTree = "<group>";
		};
		A3112808BBAE3D311136BE47 /* Frameworks */ = {
			isa = PBXGroup;
			children = (
				9FD5B60F1E56A852000DA94E /* DKImagePickerController.framework */,
				9F0D7AB61E5211AC00FB2FCB /* NMapViewerSDK.framework */,
				9F055F661E4AE98A008E390A /* FSCalendar.framework */,
				9F055F601E4AE5EC008E390A /* RealmSwift.framework */,
				9F055F5E1E4AE5E7008E390A /* Realm.framework */,
				9F42EA88389AF05663D0D155 /* Pods_PocketTicket.framework */,
			);
			name = Frameworks;
			sourceTree = "<group>";
		};
/* End PBXGroup section */

/* Begin PBXNativeTarget section */
		9F6C65631E49A9A5009074F0 /* PocketTicket */ = {
			isa = PBXNativeTarget;
			buildConfigurationList = 9F6C65761E49A9A5009074F0 /* Build configuration list for PBXNativeTarget "PocketTicket" */;
			buildPhases = (
				095D5C9CB2AB044F3FE6ABD1 /* [CP] Check Pods Manifest.lock */,
				9F6C65601E49A9A5009074F0 /* Sources */,
				9F6C65611E49A9A5009074F0 /* Frameworks */,
				9F6C65621E49A9A5009074F0 /* Resources */,
				FE302696902F98613E772DD0 /* [CP] Embed Pods Frameworks */,
				75452E02C68C1344CDD6BCE5 /* [CP] Copy Pods Resources */,
			);
			buildRules = (
			);
			dependencies = (
			);
			name = PocketTicket;
			productName = PocketTicket;
			productReference = 9F6C65641E49A9A5009074F0 /* PocketTicket.app */;
			productType = "com.apple.product-type.application";
		};
/* End PBXNativeTarget section */

/* Begin PBXProject section */
		9F6C655C1E49A9A5009074F0 /* Project object */ = {
			isa = PBXProject;
			attributes = {
				LastSwiftUpdateCheck = 0820;
				LastUpgradeCheck = 0820;
				ORGANIZATIONNAME = hayeon;
				TargetAttributes = {
					9F6C65631E49A9A5009074F0 = {
						CreatedOnToolsVersion = 8.2.1;
						DevelopmentTeam = 92JDFZMRGV;
						ProvisioningStyle = Automatic;
					};
				};
			};
			buildConfigurationList = 9F6C655F1E49A9A5009074F0 /* Build configuration list for PBXProject "PocketTicket" */;
			compatibilityVersion = "Xcode 3.2";
			developmentRegion = English;
			hasScannedForEncodings = 0;
			knownRegions = (
				en,
				Base,
			);
			mainGroup = 9F6C655B1E49A9A5009074F0;
			productRefGroup = 9F6C65651E49A9A5009074F0 /* Products */;
			projectDirPath = "";
			projectRoot = "";
			targets = (
				9F6C65631E49A9A5009074F0 /* PocketTicket */,
			);
		};
/* End PBXProject section */

/* Begin PBXResourcesBuildPhase section */
		9F6C65621E49A9A5009074F0 /* Resources */ = {
			isa = PBXResourcesBuildPhase;
			buildActionMask = 2147483647;
			files = (
				9F6C65721E49A9A5009074F0 /* LaunchScreen.storyboard in Resources */,
				9F6C656F1E49A9A5009074F0 /* Assets.xcassets in Resources */,
				9F6C656D1E49A9A5009074F0 /* Main.storyboard in Resources */,
			);
			runOnlyForDeploymentPostprocessing = 0;
		};
/* End PBXResourcesBuildPhase section */

/* Begin PBXShellScriptBuildPhase section */
		095D5C9CB2AB044F3FE6ABD1 /* [CP] Check Pods Manifest.lock */ = {
			isa = PBXShellScriptBuildPhase;
			buildActionMask = 2147483647;
			files = (
			);
			inputPaths = (
			);
			name = "[CP] Check Pods Manifest.lock";
			outputPaths = (
			);
			runOnlyForDeploymentPostprocessing = 0;
			shellPath = /bin/sh;
			shellScript = "diff \"${PODS_ROOT}/../Podfile.lock\" \"${PODS_ROOT}/Manifest.lock\" > /dev/null\nif [ $? != 0 ] ; then\n    # print error to STDERR\n    echo \"error: The sandbox is not in sync with the Podfile.lock. Run 'pod install' or update your CocoaPods installation.\" >&2\n    exit 1\nfi\n";
			showEnvVarsInLog = 0;
		};
		75452E02C68C1344CDD6BCE5 /* [CP] Copy Pods Resources */ = {
			isa = PBXShellScriptBuildPhase;
			buildActionMask = 2147483647;
			files = (
			);
			inputPaths = (
			);
			name = "[CP] Copy Pods Resources";
			outputPaths = (
			);
			runOnlyForDeploymentPostprocessing = 0;
			shellPath = /bin/sh;
			shellScript = "\"${SRCROOT}/Pods/Target Support Files/Pods-PocketTicket/Pods-PocketTicket-resources.sh\"\n";
			showEnvVarsInLog = 0;
		};
		FE302696902F98613E772DD0 /* [CP] Embed Pods Frameworks */ = {
			isa = PBXShellScriptBuildPhase;
			buildActionMask = 2147483647;
			files = (
			);
			inputPaths = (
			);
			name = "[CP] Embed Pods Frameworks";
			outputPaths = (
			);
			runOnlyForDeploymentPostprocessing = 0;
			shellPath = /bin/sh;
			shellScript = "\"${SRCROOT}/Pods/Target Support Files/Pods-PocketTicket/Pods-PocketTicket-frameworks.sh\"\n";
			showEnvVarsInLog = 0;
		};
/* End PBXShellScriptBuildPhase section */

/* Begin PBXSourcesBuildPhase section */
		9F6C65601E49A9A5009074F0 /* Sources */ = {
			isa = PBXSourcesBuildPhase;
			buildActionMask = 2147483647;
			files = (
				9F579C501E4D79BE00086FC6 /* TicketCollectionViewCell.swift in Sources */,
				9FB996821E4C028E00960561 /* CalMainViewController.swift in Sources */,
				9F5337451E530846007C1C97 /* TestViewController.swift in Sources */,
				9FB235ED1E4DF4E300796196 /* TicketFilterTableViewController.swift in Sources */,
				9F28EF631E4C3B4D00DD1333 /* RealmController.swift in Sources */,
				9F0D7ABB1E52214000FB2FCB /* NMapViewResources.swift in Sources */,
				9F0291521E4D9AEE00B9F7C8 /* PhotosCollectionViewController.swift in Sources */,
				9F28EF701E4C4B8D00DD1333 /* Genre.swift in Sources */,
				9FFDBA3B1E49C27600524FBA /* TicketMainViewController.swift in Sources */,
				9F4F07651E541863009ED7E6 /* CalMainTableViewCell.swift in Sources */,
				9FBBE2621E5810F80085245D /* TicketDetailViewController.swift in Sources */,
				9F28EF721E4C4B9500DD1333 /* Ticket.swift in Sources */,
				9FEC69041E5C31CD009BE798 /* NotificationManager.swift in Sources */,
				9F5337471E53E6D4007C1C97 /* DidMainTableViewController.swift in Sources */,
				9F53374B1E53F04B007C1C97 /* EachTicketsCollectionViewController.swift in Sources */,
				9FB996841E4C02E900960561 /* CalAddViewController.swift in Sources */,
				9F0291541E4D9AFE00B9F7C8 /* PhotosCollectionViewCell.swift in Sources */,
				9FEC69021E5B355D009BE798 /* ContentsViewController.swift in Sources */,
				9F0D7AA51E50B36100FB2FCB /* WriteReviewViewController.swift in Sources */,
				9FD86CFC1E5E84CA00B50F80 /* Alarm.swift in Sources */,
				9FEC69001E5B354F009BE798 /* ReviewViewController.swift in Sources */,
				9FFDBA2F1E49C1F100524FBA /* CalDailyViewController.swift in Sources */,
				9F5337491E53E71C007C1C97 /* DidMainTableViewCell.swift in Sources */,
				9F28EF6E1E4C4B8200DD1333 /* Theater.swift in Sources */,
				9F53374D1E53F39C007C1C97 /* EachTicketsCollectionViewCell.swift in Sources */,
				9FFD5B651E553D66006BCA1D /* DataController.swift in Sources */,
				9F0D7AB91E52162700FB2FCB /* SearchMapViewController.swift in Sources */,
				9F6C65681E49A9A5009074F0 /* AppDelegate.swift in Sources */,
			);
			runOnlyForDeploymentPostprocessing = 0;
		};
/* End PBXSourcesBuildPhase section */

/* Begin PBXVariantGroup section */
		9F6C656B1E49A9A5009074F0 /* Main.storyboard */ = {
			isa = PBXVariantGroup;
			children = (
				9F6C656C1E49A9A5009074F0 /* Base */,
			);
			name = Main.storyboard;
			sourceTree = "<group>";
		};
		9F6C65701E49A9A5009074F0 /* LaunchScreen.storyboard */ = {
			isa = PBXVariantGroup;
			children = (
				9F6C65711E49A9A5009074F0 /* Base */,
			);
			name = LaunchScreen.storyboard;
			sourceTree = "<group>";
		};
/* End PBXVariantGroup section */

/* Begin XCBuildConfiguration section */
		9F6C65741E49A9A5009074F0 /* Debug */ = {
			isa = XCBuildConfiguration;
			buildSettings = {
				ALWAYS_SEARCH_USER_PATHS = NO;
				CLANG_ANALYZER_NONNULL = YES;
				CLANG_CXX_LANGUAGE_STANDARD = "gnu++0x";
				CLANG_CXX_LIBRARY = "libc++";
				CLANG_ENABLE_MODULES = YES;
				CLANG_ENABLE_OBJC_ARC = YES;
				CLANG_WARN_BOOL_CONVERSION = YES;
				CLANG_WARN_CONSTANT_CONVERSION = YES;
				CLANG_WARN_DIRECT_OBJC_ISA_USAGE = YES_ERROR;
				CLANG_WARN_DOCUMENTATION_COMMENTS = YES;
				CLANG_WARN_EMPTY_BODY = YES;
				CLANG_WARN_ENUM_CONVERSION = YES;
				CLANG_WARN_INFINITE_RECURSION = YES;
				CLANG_WARN_INT_CONVERSION = YES;
				CLANG_WARN_OBJC_ROOT_CLASS = YES_ERROR;
				CLANG_WARN_SUSPICIOUS_MOVE = YES;
				CLANG_WARN_UNREACHABLE_CODE = YES;
				CLANG_WARN__DUPLICATE_METHOD_MATCH = YES;
				"CODE_SIGN_IDENTITY[sdk=iphoneos*]" = "iPhone Developer";
				COPY_PHASE_STRIP = NO;
				DEBUG_INFORMATION_FORMAT = dwarf;
				ENABLE_STRICT_OBJC_MSGSEND = YES;
				ENABLE_TESTABILITY = YES;
				GCC_C_LANGUAGE_STANDARD = gnu99;
				GCC_DYNAMIC_NO_PIC = NO;
				GCC_NO_COMMON_BLOCKS = YES;
				GCC_OPTIMIZATION_LEVEL = 0;
				GCC_PREPROCESSOR_DEFINITIONS = (
					"DEBUG=1",
					"$(inherited)",
				);
				GCC_WARN_64_TO_32_BIT_CONVERSION = YES;
				GCC_WARN_ABOUT_RETURN_TYPE = YES_ERROR;
				GCC_WARN_UNDECLARED_SELECTOR = YES;
				GCC_WARN_UNINITIALIZED_AUTOS = YES_AGGRESSIVE;
				GCC_WARN_UNUSED_FUNCTION = YES;
				GCC_WARN_UNUSED_VARIABLE = YES;
				IPHONEOS_DEPLOYMENT_TARGET = 10.2;
				MTL_ENABLE_DEBUG_INFO = YES;
				ONLY_ACTIVE_ARCH = YES;
				SDKROOT = iphoneos;
				SWIFT_ACTIVE_COMPILATION_CONDITIONS = DEBUG;
				SWIFT_OPTIMIZATION_LEVEL = "-Onone";
				TARGETED_DEVICE_FAMILY = "1,2";
			};
			name = Debug;
		};
		9F6C65751E49A9A5009074F0 /* Release */ = {
			isa = XCBuildConfiguration;
			buildSettings = {
				ALWAYS_SEARCH_USER_PATHS = NO;
				CLANG_ANALYZER_NONNULL = YES;
				CLANG_CXX_LANGUAGE_STANDARD = "gnu++0x";
				CLANG_CXX_LIBRARY = "libc++";
				CLANG_ENABLE_MODULES = YES;
				CLANG_ENABLE_OBJC_ARC = YES;
				CLANG_WARN_BOOL_CONVERSION = YES;
				CLANG_WARN_CONSTANT_CONVERSION = YES;
				CLANG_WARN_DIRECT_OBJC_ISA_USAGE = YES_ERROR;
				CLANG_WARN_DOCUMENTATION_COMMENTS = YES;
				CLANG_WARN_EMPTY_BODY = YES;
				CLANG_WARN_ENUM_CONVERSION = YES;
				CLANG_WARN_INFINITE_RECURSION = YES;
				CLANG_WARN_INT_CONVERSION = YES;
				CLANG_WARN_OBJC_ROOT_CLASS = YES_ERROR;
				CLANG_WARN_SUSPICIOUS_MOVE = YES;
				CLANG_WARN_UNREACHABLE_CODE = YES;
				CLANG_WARN__DUPLICATE_METHOD_MATCH = YES;
				"CODE_SIGN_IDENTITY[sdk=iphoneos*]" = "iPhone Developer";
				COPY_PHASE_STRIP = NO;
				DEBUG_INFORMATION_FORMAT = "dwarf-with-dsym";
				ENABLE_NS_ASSERTIONS = NO;
				ENABLE_STRICT_OBJC_MSGSEND = YES;
				GCC_C_LANGUAGE_STANDARD = gnu99;
				GCC_NO_COMMON_BLOCKS = YES;
				GCC_WARN_64_TO_32_BIT_CONVERSION = YES;
				GCC_WARN_ABOUT_RETURN_TYPE = YES_ERROR;
				GCC_WARN_UNDECLARED_SELECTOR = YES;
				GCC_WARN_UNINITIALIZED_AUTOS = YES_AGGRESSIVE;
				GCC_WARN_UNUSED_FUNCTION = YES;
				GCC_WARN_UNUSED_VARIABLE = YES;
				IPHONEOS_DEPLOYMENT_TARGET = 10.2;
				MTL_ENABLE_DEBUG_INFO = NO;
				SDKROOT = iphoneos;
				SWIFT_OPTIMIZATION_LEVEL = "-Owholemodule";
				TARGETED_DEVICE_FAMILY = "1,2";
				VALIDATE_PRODUCT = YES;
			};
			name = Release;
		};
		9F6C65771E49A9A5009074F0 /* Debug */ = {
			isa = XCBuildConfiguration;
			baseConfigurationReference = 6182BFA12A8413657F62ACB2 /* Pods-PocketTicket.debug.xcconfig */;
			buildSettings = {
				ASSETCATALOG_COMPILER_APPICON_NAME = AppIcon;
				DEVELOPMENT_TEAM = 92JDFZMRGV;
				FRAMEWORK_SEARCH_PATHS = (
					"$(inherited)",
					"$(PROJECT_DIR)/Pods/FSCalendar",
					"$(PROJECT_DIR)/Pods/NMapViewer",
				);
				INFOPLIST_FILE = PocketTicket/Info.plist;
				LD_RUNPATH_SEARCH_PATHS = "$(inherited) @executable_path/Frameworks";
				OTHER_LDFLAGS = (
					"$(inherited)",
					"-ObjC",
					"-framework",
					"\"FSCalendar\"",
					"-framework",
					"\"Realm\"",
					"-framework",
					"\"RealmSwift\"",
					"-ObjC",
					"-lxml2",
				);
				PRODUCT_BUNDLE_IDENTIFIER = com.hayeon.PocketTicket;
				PRODUCT_NAME = "$(TARGET_NAME)";
				SWIFT_OBJC_BRIDGING_HEADER = "/Users/hayeon/Desktop/Pocket Ticket/Project/PocketTicket/PocketTicket/Objective-C Bridging Header.h";
				SWIFT_VERSION = 3.0;
			};
			name = Debug;
		};
		9F6C65781E49A9A5009074F0 /* Release */ = {
			isa = XCBuildConfiguration;
			baseConfigurationReference = A2F43CEF461E389B49B20210 /* Pods-PocketTicket.release.xcconfig */;
			buildSettings = {
				ASSETCATALOG_COMPILER_APPICON_NAME = AppIcon;
				DEVELOPMENT_TEAM = 92JDFZMRGV;
				FRAMEWORK_SEARCH_PATHS = (
					"$(inherited)",
					"$(PROJECT_DIR)/Pods/FSCalendar",
					"$(PROJECT_DIR)/Pods/NMapViewer",
				);
				INFOPLIST_FILE = PocketTicket/Info.plist;
				LD_RUNPATH_SEARCH_PATHS = "$(inherited) @executable_path/Frameworks";
				OTHER_LDFLAGS = (
					"$(inherited)",
					"-ObjC",
					"-framework",
					"\"FSCalendar\"",
					"-framework",
					"\"Realm\"",
					"-framework",
					"\"RealmSwift\"",
					"-ObjC",
					"-lxml2",
				);
				PRODUCT_BUNDLE_IDENTIFIER = com.hayeon.PocketTicket;
				PRODUCT_NAME = "$(TARGET_NAME)";
				SWIFT_OBJC_BRIDGING_HEADER = "/Users/hayeon/Desktop/Pocket Ticket/Project/PocketTicket/PocketTicket/Objective-C Bridging Header.h";
				SWIFT_VERSION = 3.0;
			};
			name = Release;
		};
/* End XCBuildConfiguration section */

/* Begin XCConfigurationList section */
		9F6C655F1E49A9A5009074F0 /* Build configuration list for PBXProject "PocketTicket" */ = {
			isa = XCConfigurationList;
			buildConfigurations = (
				9F6C65741E49A9A5009074F0 /* Debug */,
				9F6C65751E49A9A5009074F0 /* Release */,
			);
			defaultConfigurationIsVisible = 0;
			defaultConfigurationName = Release;
		};
		9F6C65761E49A9A5009074F0 /* Build configuration list for PBXNativeTarget "PocketTicket" */ = {
			isa = XCConfigurationList;
			buildConfigurations = (
				9F6C65771E49A9A5009074F0 /* Debug */,
				9F6C65781E49A9A5009074F0 /* Release */,
			);
			defaultConfigurationIsVisible = 0;
			defaultConfigurationName = Release;
		};
/* End XCConfigurationList section */
	};
	rootObject = 9F6C655C1E49A9A5009074F0 /* Project object */;
}
